
Microsoft Visual Studio Solution File, Format Version 12.00
# Visual Studio Version 16
VisualStudioVersion = 16.0.31229.75
MinimumVisualStudioVersion = 10.0.40219.1
Project("{8BC9CEB8-8B4A-11D0-8D11-00A0C91BC942}") = "test2", "test2.vcxproj", "{F12E44C7-8D63-43FD-80EE-B20151CC6C59}"
EndProject
Global
	GlobalSection(SolutionConfigurationPlatforms) = preSolution
		Debug|x64 = Debug|x64
		Debug|x86 = Debug|x86
		Release|x64 = Release|x64
		Release|x86 = Release|x86
	EndGlobalSection
	GlobalSection(ProjectConfigurationPlatforms) = postSolution
		{F12E44C7-8D63-43FD-80EE-B20151CC6C59}.Debug|x64.ActiveCfg = Debug|x64
		{F12E44C7-8D63-43FD-80EE-B20151CC6C59}.Debug|x64.Build.0 = Debug|x64
		{F12E44C7-8D63-43FD-80EE-B20151CC6C59}.Debug|x86.ActiveCfg = Debug|Win32
		{F12E44C7-8D63-43FD-80EE-B20151CC6C59}.Debug|x86.Build.0 = Debug|Win32
		{F12E44C7-8D63-43FD-80EE-B20151CC6C59}.Release|x64.ActiveCfg = Release|x64
		{F12E44C7-8D63-43FD-80EE-B20151CC6C59}.Release|x64.Build.0 = Release|x64
		{F12E44C7-8D63-43FD-80EE-B20151CC6C59}.Release|x86.ActiveCfg = Release|Win32
		{F12E44C7-8D63-43FD-80EE-B20151CC6C59}.Release|x86.Build.0 = Release|Win32
	EndGlobalSection
	GlobalSection(SolutionProperties) = preSolution
		HideSolutionNode = FALSE
	EndGlobalSection
	GlobalSection(ExtensibilityGlobals) = postSolution
		SolutionGuid = {9D13AEE6-CB9F-485E-9BDB-59752CA7ADA7}
	EndGlobalSection
EndGlobal
