<?xml version="1.0" encoding="utf-8"?>
<Project ToolsVersion="4.0" xmlns="http://schemas.microsoft.com/developer/msbuild/2003">
  <ItemGroup>
    <Filter Include="源文件">
      <UniqueIdentifier>{4FC737F1-C7A5-4376-A066-2A32D752A2FF}</UniqueIdentifier>
      <Extensions>cpp;c;cc;cxx;def;odl;idl;hpj;bat;asm;asmx</Extensions>
    </Filter>
    <Filter Include="头文件">
      <UniqueIdentifier>{93995380-89BD-4b04-88EB-625FBE52EBFB}</UniqueIdentifier>
      <Extensions>h;hh;hpp;hxx;hm;inl;inc;ipp;xsd</Extensions>
    </Filter>
    <Filter Include="资源文件">
      <UniqueIdentifier>{67DA6AB6-F800-4c08-8B7A-83BB121AAD01}</UniqueIdentifier>
      <Extensions>rc;ico;cur;bmp;dlg;rc2;rct;bin;rgs;gif;jpg;jpeg;jpe;resx;tiff;tif;png;wav;mfcribbon-ms</Extensions>
    </Filter>
  </ItemGroup>
  <ItemGroup>
    <None Include="ddq.inc">
      <Filter>头文件</Filter>
    </None>
  </ItemGroup>
  <ItemGroup>
    <MASM Include="ddq.asm">
      <Filter>源文件</Filter>
    </MASM>
  </ItemGroup>
  <ItemGroup>
    <Image Include="people0_down.bmp">
      <Filter>资源文件</Filter>
    </Image>
    <Image Include="people0_left.bmp">
      <Filter>资源文件</Filter>
    </Image>
    <Image Include="people0_right.bmp">
      <Filter>资源文件</Filter>
    </Image>
    <Image Include="people0_up.bmp">
      <Filter>资源文件</Filter>
    </Image>
    <Image Include="people1_down.bmp">
      <Filter>资源文件</Filter>
    </Image>
    <Image Include="people1_left.bmp">
      <Filter>资源文件</Filter>
    </Image>
    <Image Include="people1_right.bmp">
      <Filter>资源文件</Filter>
    </Image>
    <Image Include="people1_up.bmp">
      <Filter>资源文件</Filter>
    </Image>
    <Image Include="barrier2_bmp.bmp">
      <Filter>资源文件</Filter>
    </Image>
    <Image Include="barrier0.bmp">
      <Filter>资源文件</Filter>
    </Image>
    <Image Include="barrier1.bmp">
      <Filter>资源文件</Filter>
    </Image>
    <Image Include="barrier1_bmp.bmp">
      <Filter>资源文件</Filter>
    </Image>
    <Image Include="barrier2.bmp">
      <Filter>资源文件</Filter>
    </Image>
    <Image Include="black.bmp">
      <Filter>资源文件</Filter>
    </Image>
    <Image Include="bombexplode.bmp">
      <Filter>资源文件</Filter>
    </Image>
  </ItemGroup>
  <ItemGroup>
    <ClInclude Include="resource.h">
      <Filter>头文件</Filter>
    </ClInclude>
  </ItemGroup>
  <ItemGroup>
    <ResourceCompile Include="DDQ.rc">
      <Filter>资源文件</Filter>
    </ResourceCompile>
  </ItemGroup>
</Project>