
Microsoft Visual Studio Solution File, Format Version 12.00
# Visual Studio Version 16
VisualStudioVersion = 16.0.31229.75
MinimumVisualStudioVersion = 10.0.40219.1
Project("{8BC9CEB8-8B4A-11D0-8D11-00A0C91BC942}") = "多重循环重写2", "多重循环重写2.vcxproj", "{37972B75-C1C4-4653-9067-2C113F9BA433}"
EndProject
Global
	GlobalSection(SolutionConfigurationPlatforms) = preSolution
		Debug|x64 = Debug|x64
		Debug|x86 = Debug|x86
		Release|x64 = Release|x64
		Release|x86 = Release|x86
	EndGlobalSection
	GlobalSection(ProjectConfigurationPlatforms) = postSolution
		{37972B75-C1C4-4653-9067-2C113F9BA433}.Debug|x64.ActiveCfg = Debug|x64
		{37972B75-C1C4-4653-9067-2C113F9BA433}.Debug|x64.Build.0 = Debug|x64
		{37972B75-C1C4-4653-9067-2C113F9BA433}.Debug|x86.ActiveCfg = Debug|Win32
		{37972B75-C1C4-4653-9067-2C113F9BA433}.Debug|x86.Build.0 = Debug|Win32
		{37972B75-C1C4-4653-9067-2C113F9BA433}.Release|x64.ActiveCfg = Release|x64
		{37972B75-C1C4-4653-9067-2C113F9BA433}.Release|x64.Build.0 = Release|x64
		{37972B75-C1C4-4653-9067-2C113F9BA433}.Release|x86.ActiveCfg = Release|Win32
		{37972B75-C1C4-4653-9067-2C113F9BA433}.Release|x86.Build.0 = Release|Win32
	EndGlobalSection
	GlobalSection(SolutionProperties) = preSolution
		HideSolutionNode = FALSE
	EndGlobalSection
	GlobalSection(ExtensibilityGlobals) = postSolution
		SolutionGuid = {768BBAC3-9D6A-46CF-AD44-C3B6B1ED7DE9}
	EndGlobalSection
EndGlobal
